
Microsoft Visual Studio Solution File, Format Version 12.00
# Visual Studio Version 17
VisualStudioVersion = 17.1.32104.313
MinimumVisualStudioVersion = 10.0.40219.1
Project("{9A19103F-16F7-4668-BE54-9A1E7A4F7556}") = "Cache", "Cache\Cache.csproj", "{C2F15F1D-A146-4FD2-ABDA-31ED39023752}"
EndProject
Project("{9A19103F-16F7-4668-BE54-9A1E7A4F7556}") = "Cache.Benchmarks", "Cache.Benchmarks\Cache.Benchmarks.csproj", "{A8CC8C09-8B92-466F-BBDD-8B2A6C324933}"
EndProject
Global
	GlobalSection(SolutionConfigurationPlatforms) = preSolution
		Debug|Any CPU = Debug|Any CPU
		Release|Any CPU = Release|Any CPU
	EndGlobalSection
	GlobalSection(ProjectConfigurationPlatforms) = postSolution
		{C2F15F1D-A146-4FD2-ABDA-31ED39023752}.Debug|Any CPU.ActiveCfg = Debug|Any CPU
		{C2F15F1D-A146-4FD2-ABDA-31ED39023752}.Debug|Any CPU.Build.0 = Debug|Any CPU
		{C2F15F1D-A146-4FD2-ABDA-31ED39023752}.Release|Any CPU.ActiveCfg = Release|Any CPU
		{C2F15F1D-A146-4FD2-ABDA-31ED39023752}.Release|Any CPU.Build.0 = Release|Any CPU
		{A8CC8C09-8B92-466F-BBDD-8B2A6C324933}.Debug|Any CPU.ActiveCfg = Debug|Any CPU
		{A8CC8C09-8B92-466F-BBDD-8B2A6C324933}.Debug|Any CPU.Build.0 = Debug|Any CPU
		{A8CC8C09-8B92-466F-BBDD-8B2A6C324933}.Release|Any CPU.ActiveCfg = Release|Any CPU
		{A8CC8C09-8B92-466F-BBDD-8B2A6C324933}.Release|Any CPU.Build.0 = Release|Any CPU
	EndGlobalSection
	GlobalSection(SolutionProperties) = preSolution
		HideSolutionNode = FALSE
	EndGlobalSection
	GlobalSection(ExtensibilityGlobals) = postSolution
		SolutionGuid = {98976E20-C013-4B8C-8658-9D2A3BA72BFE}
	EndGlobalSection
EndGlobal
